
Microsoft Visual Studio Solution File, Format Version 12.00
# Visual Studio Version 17
VisualStudioVersion = 17.14.36202.13 d17.14
MinimumVisualStudioVersion = 10.0.40219.1
Project("{FAE04EC0-301F-11D3-BF4B-00C04F79EFBC}") = "ToyProducts", "ToyProducts\ToyProducts.csproj", "{1CB43501-6A1A-4CD2-A1AA-30F8322C278A}"
EndProject
Global
	GlobalSection(SolutionConfigurationPlatforms) = preSolution
		Debug|Any CPU = Debug|Any CPU
		Release|Any CPU = Release|Any CPU
	EndGlobalSection
	GlobalSection(ProjectConfigurationPlatforms) = postSolution
		{1CB43501-6A1A-4CD2-A1AA-30F8322C278A}.Debug|Any CPU.ActiveCfg = Debug|Any CPU
		{1CB43501-6A1A-4CD2-A1AA-30F8322C278A}.Debug|Any CPU.Build.0 = Debug|Any CPU
		{1CB43501-6A1A-4CD2-A1AA-30F8322C278A}.Release|Any CPU.ActiveCfg = Release|Any CPU
		{1CB43501-6A1A-4CD2-A1AA-30F8322C278A}.Release|Any CPU.Build.0 = Release|Any CPU
	EndGlobalSection
	GlobalSection(SolutionProperties) = preSolution
		HideSolutionNode = FALSE
	EndGlobalSection
	GlobalSection(ExtensibilityGlobals) = postSolution
		SolutionGuid = {8D9E78FC-7E09-475F-827F-935F9B5F0066}
	EndGlobalSection
EndGlobal
